
Microsoft Visual Studio Solution File, Format Version 12.00
# Visual Studio Version 16
VisualStudioVersion = 16.0.33027.164
MinimumVisualStudioVersion = 10.0.40219.1
Project("{FAE04EC0-301F-11D3-BF4B-00C04F79EFBC}") = "EgyszeruCsere", "EgyszeruCsere\EgyszeruCsere.csproj", "{D895DE2E-9134-42ED-9720-8D451B66F3BC}"
EndProject
Project("{FAE04EC0-301F-11D3-BF4B-00C04F79EFBC}") = "Buborek", "Buborek\Buborek.csproj", "{649DC849-EC7C-4671-9A47-5B968F3A6BF2}"
EndProject
Global
	GlobalSection(SolutionConfigurationPlatforms) = preSolution
		Debug|Any CPU = Debug|Any CPU
		Release|Any CPU = Release|Any CPU
	EndGlobalSection
	GlobalSection(ProjectConfigurationPlatforms) = postSolution
		{D895DE2E-9134-42ED-9720-8D451B66F3BC}.Debug|Any CPU.ActiveCfg = Debug|Any CPU
		{D895DE2E-9134-42ED-9720-8D451B66F3BC}.Debug|Any CPU.Build.0 = Debug|Any CPU
		{D895DE2E-9134-42ED-9720-8D451B66F3BC}.Release|Any CPU.ActiveCfg = Release|Any CPU
		{D895DE2E-9134-42ED-9720-8D451B66F3BC}.Release|Any CPU.Build.0 = Release|Any CPU
		{649DC849-EC7C-4671-9A47-5B968F3A6BF2}.Debug|Any CPU.ActiveCfg = Debug|Any CPU
		{649DC849-EC7C-4671-9A47-5B968F3A6BF2}.Debug|Any CPU.Build.0 = Debug|Any CPU
		{649DC849-EC7C-4671-9A47-5B968F3A6BF2}.Release|Any CPU.ActiveCfg = Release|Any CPU
		{649DC849-EC7C-4671-9A47-5B968F3A6BF2}.Release|Any CPU.Build.0 = Release|Any CPU
	EndGlobalSection
	GlobalSection(SolutionProperties) = preSolution
		HideSolutionNode = FALSE
	EndGlobalSection
	GlobalSection(ExtensibilityGlobals) = postSolution
		SolutionGuid = {221641B2-88E0-4C9C-9523-F839203AB5F2}
	EndGlobalSection
EndGlobal
